{
  "object": {
    "pins": [
      {
        "package": "FormData",
        "repositoryURL": "https://pi-lab3.w-hs.de/Simon/FormData.git",
        "state": {
          "branch": null,
          "revision": "4dc461814b181274d12d8b926e14cb3e1e14f1ee",
          "version": "2.0.2"
        }
      },
      {
        "package": "SwiftSoup",
        "repositoryURL": "https://github.com/scinfu/SwiftSoup.git",
        "state": {
          "branch": null,
          "revision": "774dc9c7213085db8aa59595e27c1cd22e428904",
          "version": "2.3.2"
        }
      },
      {
        "package": "ZIPFoundation",
        "repositoryURL": "https://github.com/weichsel/ZIPFoundation.git",
        "state": {
          "branch": null,
          "revision": "cf10bbff6ac3b873e97b36b9784c79866a051a8e",
          "version": "0.9.12"
        }
      }
    ]
  },
  "version": 1
}
